
Microsoft Visual Studio Solution File, Format Version 12.00
# Visual Studio Version 16
VisualStudioVersion = 16.0.29519.87
MinimumVisualStudioVersion = 10.0.40219.1
Project("{9A19103F-16F7-4668-BE54-9A1E7A4F7556}") = "SP-Y4C", "SP-Y4C\SP-Y4C.csproj", "{DBC988AF-9F28-4D9C-888A-B9CC75EE0F0D}"
EndProject
Project("{00D1A9C2-B5F0-4AF3-8072-F6C62B433612}") = "Y4C-Production", "Y4C-DB\Y4C-Production.sqlproj", "{3DC51497-EDBF-4FC1-A118-652DB83361F4}"
EndProject
Global
	GlobalSection(SolutionConfigurationPlatforms) = preSolution
		Debug|Any CPU = Debug|Any CPU
		Release|Any CPU = Release|Any CPU
	EndGlobalSection
	GlobalSection(ProjectConfigurationPlatforms) = postSolution
		{DBC988AF-9F28-4D9C-888A-B9CC75EE0F0D}.Debug|Any CPU.ActiveCfg = Debug|Any CPU
		{DBC988AF-9F28-4D9C-888A-B9CC75EE0F0D}.Debug|Any CPU.Build.0 = Debug|Any CPU
		{DBC988AF-9F28-4D9C-888A-B9CC75EE0F0D}.Release|Any CPU.ActiveCfg = Release|Any CPU
		{DBC988AF-9F28-4D9C-888A-B9CC75EE0F0D}.Release|Any CPU.Build.0 = Release|Any CPU
		{3DC51497-EDBF-4FC1-A118-652DB83361F4}.Debug|Any CPU.ActiveCfg = Debug|Any CPU
		{3DC51497-EDBF-4FC1-A118-652DB83361F4}.Debug|Any CPU.Build.0 = Debug|Any CPU
		{3DC51497-EDBF-4FC1-A118-652DB83361F4}.Debug|Any CPU.Deploy.0 = Debug|Any CPU
		{3DC51497-EDBF-4FC1-A118-652DB83361F4}.Release|Any CPU.ActiveCfg = Release|Any CPU
		{3DC51497-EDBF-4FC1-A118-652DB83361F4}.Release|Any CPU.Build.0 = Release|Any CPU
		{3DC51497-EDBF-4FC1-A118-652DB83361F4}.Release|Any CPU.Deploy.0 = Release|Any CPU
	EndGlobalSection
	GlobalSection(SolutionProperties) = preSolution
		HideSolutionNode = FALSE
	EndGlobalSection
	GlobalSection(ExtensibilityGlobals) = postSolution
		SolutionGuid = {954176F8-0F25-4ED1-93CE-A6F6830BA2F9}
	EndGlobalSection
EndGlobal
